// !$*UTF8*$!
{
	archiveVersion = 1;
	classes = {
	};
	objectVersion = 51;
	objects = {

/* Begin PBXBuildFile section */
		11362B7523342E48000BA439 /* UIMethodsClass.swift in Sources */ = {isa = PBXBuildFile; fileRef = 11362B7423342E48000BA439 /* UIMethodsClass.swift */; };
		11362B7723342E5C000BA439 /* CustomColor.swift in Sources */ = {isa = PBXBuildFile; fileRef = 11362B7623342E5C000BA439 /* CustomColor.swift */; };
		11362B7923342F51000BA439 /* TypeOfFoodTableViewCell.swift in Sources */ = {isa = PBXBuildFile; fileRef = 11362B7823342F51000BA439 /* TypeOfFoodTableViewCell.swift */; };
		11362B7B23343193000BA439 /* UIColor-Extention.swift in Sources */ = {isa = PBXBuildFile; fileRef = 11362B7A23343192000BA439 /* UIColor-Extention.swift */; };
		11362B8023343AEB000BA439 /* TypeOfFoodViewController_Extension.swift in Sources */ = {isa = PBXBuildFile; fileRef = 11362B7F23343AEB000BA439 /* TypeOfFoodViewController_Extension.swift */; };
		11362B8723344193000BA439 /* RestaurantsTableViewCell.swift in Sources */ = {isa = PBXBuildFile; fileRef = 11362B8623344193000BA439 /* RestaurantsTableViewCell.swift */; };
		11362B89233441E7000BA439 /* RestaurantsViewController.swift in Sources */ = {isa = PBXBuildFile; fileRef = 11362B88233441E7000BA439 /* RestaurantsViewController.swift */; };
		11362B8B23344221000BA439 /* RestaurantsViewController_Extention.swift in Sources */ = {isa = PBXBuildFile; fileRef = 11362B8A23344221000BA439 /* RestaurantsViewController_Extention.swift */; };
		113A62AF2334143100401E89 /* AppDelegate.swift in Sources */ = {isa = PBXBuildFile; fileRef = 113A62AE2334143100401E89 /* AppDelegate.swift */; };
		113A62B12334143100401E89 /* TypeOfFoodViewController.swift in Sources */ = {isa = PBXBuildFile; fileRef = 113A62B02334143100401E89 /* TypeOfFoodViewController.swift */; };
		113A62B42334143100401E89 /* Main.storyboard in Resources */ = {isa = PBXBuildFile; fileRef = 113A62B22334143100401E89 /* Main.storyboard */; };
		113A62B72334143100401E89 /* Alakela.xcdatamodeld in Sources */ = {isa = PBXBuildFile; fileRef = 113A62B52334143100401E89 /* Alakela.xcdatamodeld */; };
		113A62B92334143100401E89 /* Assets.xcassets in Resources */ = {isa = PBXBuildFile; fileRef = 113A62B82334143100401E89 /* Assets.xcassets */; };
		113A62BC2334143100401E89 /* LaunchScreen.storyboard in Resources */ = {isa = PBXBuildFile; fileRef = 113A62BA2334143100401E89 /* LaunchScreen.storyboard */; };
		11B1EA8A233417AC001B3219 /* GoogleService-Info.plist in Resources */ = {isa = PBXBuildFile; fileRef = 11B1EA89233417AC001B3219 /* GoogleService-Info.plist */; };
		7DD3C99D4B177D559038AE2D /* Pods_Alakela.framework in Frameworks */ = {isa = PBXBuildFile; fileRef = 633A5660932A5478C84E4038 /* Pods_Alakela.framework */; };
/* End PBXBuildFile section */

/* Begin PBXFileReference section */
		11362B7423342E48000BA439 /* UIMethodsClass.swift */ = {isa = PBXFileReference; fileEncoding = 4; lastKnownFileType = sourcecode.swift; path = UIMethodsClass.swift; sourceTree = "<group>"; };
		11362B7623342E5C000BA439 /* CustomColor.swift */ = {isa = PBXFileReference; fileEncoding = 4; lastKnownFileType = sourcecode.swift; path = CustomColor.swift; sourceTree = "<group>"; };
		11362B7823342F51000BA439 /* TypeOfFoodTableViewCell.swift */ = {isa = PBXFileReference; lastKnownFileType = sourcecode.swift; path = TypeOfFoodTableViewCell.swift; sourceTree = "<group>"; };
		11362B7A23343192000BA439 /* UIColor-Extention.swift */ = {isa = PBXFileReference; fileEncoding = 4; lastKnownFileType = sourcecode.swift; path = "UIColor-Extention.swift"; sourceTree = "<group>"; };
		11362B7F23343AEB000BA439 /* TypeOfFoodViewController_Extension.swift */ = {isa = PBXFileReference; lastKnownFileType = sourcecode.swift; path = TypeOfFoodViewController_Extension.swift; sourceTree = "<group>"; };
		11362B8623344193000BA439 /* RestaurantsTableViewCell.swift */ = {isa = PBXFileReference; lastKnownFileType = sourcecode.swift; path = RestaurantsTableViewCell.swift; sourceTree = "<group>"; };
		11362B88233441E7000BA439 /* RestaurantsViewController.swift */ = {isa = PBXFileReference; lastKnownFileType = sourcecode.swift; path = RestaurantsViewController.swift; sourceTree = "<group>"; };
		11362B8A23344221000BA439 /* RestaurantsViewController_Extention.swift */ = {isa = PBXFileReference; lastKnownFileType = sourcecode.swift; path = RestaurantsViewController_Extention.swift; sourceTree = "<group>"; };
		113A62AB2334143100401E89 /* Alakela.app */ = {isa = PBXFileReference; explicitFileType = wrapper.application; includeInIndex = 0; path = Alakela.app; sourceTree = BUILT_PRODUCTS_DIR; };
		113A62AE2334143100401E89 /* AppDelegate.swift */ = {isa = PBXFileReference; lastKnownFileType = sourcecode.swift; path = AppDelegate.swift; sourceTree = "<group>"; };
		113A62B02334143100401E89 /* TypeOfFoodViewController.swift */ = {isa = PBXFileReference; lastKnownFileType = sourcecode.swift; path = TypeOfFoodViewController.swift; sourceTree = "<group>"; };
		113A62B32334143100401E89 /* Base */ = {isa = PBXFileReference; lastKnownFileType = file.storyboard; name = Base; path = Base.lproj/Main.storyboard; sourceTree = "<group>"; };
		113A62B62334143100401E89 /* Alakela.xcdatamodel */ = {isa = PBXFileReference; lastKnownFileType = wrapper.xcdatamodel; path = Alakela.xcdatamodel; sourceTree = "<group>"; };
		113A62B82334143100401E89 /* Assets.xcassets */ = {isa = PBXFileReference; lastKnownFileType = folder.assetcatalog; path = Assets.xcassets; sourceTree = "<group>"; };
		113A62BB2334143100401E89 /* Base */ = {isa = PBXFileReference; lastKnownFileType = file.storyboard; name = Base; path = Base.lproj/LaunchScreen.storyboard; sourceTree = "<group>"; };
		113A62BD2334143100401E89 /* Info.plist */ = {isa = PBXFileReference; lastKnownFileType = text.plist.xml; path = Info.plist; sourceTree = "<group>"; };
		11B1EA89233417AC001B3219 /* GoogleService-Info.plist */ = {isa = PBXFileReference; fileEncoding = 4; lastKnownFileType = text.plist.xml; path = "GoogleService-Info.plist"; sourceTree = "<group>"; };
		2A99503C20AFB83A6F9A3D75 /* Pods-Alakela.release.xcconfig */ = {isa = PBXFileReference; includeInIndex = 1; lastKnownFileType = text.xcconfig; name = "Pods-Alakela.release.xcconfig"; path = "Target Support Files/Pods-Alakela/Pods-Alakela.release.xcconfig"; sourceTree = "<group>"; };
		633A5660932A5478C84E4038 /* Pods_Alakela.framework */ = {isa = PBXFileReference; explicitFileType = wrapper.framework; includeInIndex = 0; path = Pods_Alakela.framework; sourceTree = BUILT_PRODUCTS_DIR; };
		7996BF1DE49344825F146CA9 /* Pods-Alakela.debug.xcconfig */ = {isa = PBXFileReference; includeInIndex = 1; lastKnownFileType = text.xcconfig; name = "Pods-Alakela.debug.xcconfig"; path = "Target Support Files/Pods-Alakela/Pods-Alakela.debug.xcconfig"; sourceTree = "<group>"; };
/* End PBXFileReference section */

/* Begin PBXFrameworksBuildPhase section */
		113A62A82334143100401E89 /* Frameworks */ = {
			isa = PBXFrameworksBuildPhase;
			buildActionMask = 2147483647;
			files = (
				7DD3C99D4B177D559038AE2D /* Pods_Alakela.framework in Frameworks */,
			);
			runOnlyForDeploymentPostprocessing = 0;
		};
/* End PBXFrameworksBuildPhase section */

/* Begin PBXGroup section */
		11362B7223342A6D000BA439 /* TypeOfFoodScreen */ = {
			isa = PBXGroup;
			children = (
				11362B7D23343A7D000BA439 /* Protocols */,
				11362B7C23343A5A000BA439 /* View */,
				11362B7E23343A8F000BA439 /* Presenter */,
			);
			path = TypeOfFoodScreen;
			sourceTree = "<group>";
		};
		11362B7323342E1E000BA439 /* CustomCell */ = {
			isa = PBXGroup;
			children = (
				11362B7823342F51000BA439 /* TypeOfFoodTableViewCell.swift */,
			);
			path = CustomCell;
			sourceTree = "<group>";
		};
		11362B7C23343A5A000BA439 /* View */ = {
			isa = PBXGroup;
			children = (
				11362B7323342E1E000BA439 /* CustomCell */,
				113A62B02334143100401E89 /* TypeOfFoodViewController.swift */,
				11362B7F23343AEB000BA439 /* TypeOfFoodViewController_Extension.swift */,
			);
			path = View;
			sourceTree = "<group>";
		};
		11362B7D23343A7D000BA439 /* Protocols */ = {
			isa = PBXGroup;
			children = (
			);
			path = Protocols;
			sourceTree = "<group>";
		};
		11362B7E23343A8F000BA439 /* Presenter */ = {
			isa = PBXGroup;
			children = (
			);
			path = Presenter;
			sourceTree = "<group>";
		};
		11362B81233440EB000BA439 /* RestaurantsScreen */ = {
			isa = PBXGroup;
			children = (
				11362B842334411D000BA439 /* Protocols */,
				11362B8323344110000BA439 /* View */,
				11362B8223344104000BA439 /* Presenter */,
			);
			path = RestaurantsScreen;
			sourceTree = "<group>";
		};
		11362B8223344104000BA439 /* Presenter */ = {
			isa = PBXGroup;
			children = (
			);
			path = Presenter;
			sourceTree = "<group>";
		};
		11362B8323344110000BA439 /* View */ = {
			isa = PBXGroup;
			children = (
				11362B8523344144000BA439 /* CustomCell */,
				11362B88233441E7000BA439 /* RestaurantsViewController.swift */,
				11362B8A23344221000BA439 /* RestaurantsViewController_Extention.swift */,
			);
			path = View;
			sourceTree = "<group>";
		};
		11362B842334411D000BA439 /* Protocols */ = {
			isa = PBXGroup;
			children = (
			);
			path = Protocols;
			sourceTree = "<group>";
		};
		11362B8523344144000BA439 /* CustomCell */ = {
			isa = PBXGroup;
			children = (
				11362B8623344193000BA439 /* RestaurantsTableViewCell.swift */,
			);
			path = CustomCell;
			sourceTree = "<group>";
		};
		113A62A22334143100401E89 = {
			isa = PBXGroup;
			children = (
				113A62AD2334143100401E89 /* Alakela */,
				113A62AC2334143100401E89 /* Products */,
				83F693170DC1B6FA79C694AA /* Pods */,
				989C8B72A698598712E97AC8 /* Frameworks */,
			);
			sourceTree = "<group>";
		};
		113A62AC2334143100401E89 /* Products */ = {
			isa = PBXGroup;
			children = (
				113A62AB2334143100401E89 /* Alakela.app */,
			);
			name = Products;
			sourceTree = "<group>";
		};
		113A62AD2334143100401E89 /* Alakela */ = {
			isa = PBXGroup;
			children = (
				11EFE244233422C6006EB504 /* Model */,
				11EFE245233422D8006EB504 /* Services */,
				11EFE24823342347006EB504 /* Screens */,
				11EFE2492334237A006EB504 /* Utils */,
				113A62AE2334143100401E89 /* AppDelegate.swift */,
				113A62B82334143100401E89 /* Assets.xcassets */,
				113A62BA2334143100401E89 /* LaunchScreen.storyboard */,
				11B1EA89233417AC001B3219 /* GoogleService-Info.plist */,
				113A62BD2334143100401E89 /* Info.plist */,
				113A62B52334143100401E89 /* Alakela.xcdatamodeld */,
			);
			path = Alakela;
			sourceTree = "<group>";
		};
		11EFE244233422C6006EB504 /* Model */ = {
			isa = PBXGroup;
			children = (
			);
			path = Model;
			sourceTree = "<group>";
		};
		11EFE245233422D8006EB504 /* Services */ = {
			isa = PBXGroup;
			children = (
				11EFE24723342310006EB504 /* DataAccess */,
				11EFE246233422F5006EB504 /* Networking */,
			);
			path = Services;
			sourceTree = "<group>";
		};
		11EFE246233422F5006EB504 /* Networking */ = {
			isa = PBXGroup;
			children = (
			);
			path = Networking;
			sourceTree = "<group>";
		};
		11EFE24723342310006EB504 /* DataAccess */ = {
			isa = PBXGroup;
			children = (
			);
			path = DataAccess;
			sourceTree = "<group>";
		};
		11EFE24823342347006EB504 /* Screens */ = {
			isa = PBXGroup;
			children = (
				113A62B22334143100401E89 /* Main.storyboard */,
				11362B81233440EB000BA439 /* RestaurantsScreen */,
				11362B7223342A6D000BA439 /* TypeOfFoodScreen */,
			);
			path = Screens;
			sourceTree = "<group>";
		};
		11EFE2492334237A006EB504 /* Utils */ = {
			isa = PBXGroup;
			children = (
				11362B7423342E48000BA439 /* UIMethodsClass.swift */,
				11362B7623342E5C000BA439 /* CustomColor.swift */,
				11362B7A23343192000BA439 /* UIColor-Extention.swift */,
			);
			path = Utils;
			sourceTree = "<group>";
		};
		83F693170DC1B6FA79C694AA /* Pods */ = {
			isa = PBXGroup;
			children = (
				7996BF1DE49344825F146CA9 /* Pods-Alakela.debug.xcconfig */,
				2A99503C20AFB83A6F9A3D75 /* Pods-Alakela.release.xcconfig */,
			);
			path = Pods;
			sourceTree = "<group>";
		};
		989C8B72A698598712E97AC8 /* Frameworks */ = {
			isa = PBXGroup;
			children = (
				633A5660932A5478C84E4038 /* Pods_Alakela.framework */,
			);
			name = Frameworks;
			sourceTree = "<group>";
		};
/* End PBXGroup section */

/* Begin PBXNativeTarget section */
		113A62AA2334143100401E89 /* Alakela */ = {
			isa = PBXNativeTarget;
			buildConfigurationList = 113A62C02334143100401E89 /* Build configuration list for PBXNativeTarget "Alakela" */;
			buildPhases = (
				6199005BEA392A633819943A /* [CP] Check Pods Manifest.lock */,
				113A62A72334143100401E89 /* Sources */,
				113A62A82334143100401E89 /* Frameworks */,
				113A62A92334143100401E89 /* Resources */,
				646159102E400B47EF15849A /* [CP] Embed Pods Frameworks */,
			);
			buildRules = (
			);
			dependencies = (
			);
			name = Alakela;
			productName = Alakela;
			productReference = 113A62AB2334143100401E89 /* Alakela.app */;
			productType = "com.apple.product-type.application";
		};
/* End PBXNativeTarget section */

/* Begin PBXProject section */
		113A62A32334143100401E89 /* Project object */ = {
			isa = PBXProject;
			attributes = {
				LastSwiftUpdateCheck = 1030;
				LastUpgradeCheck = 1030;
				ORGANIZATIONNAME = "Radya Al-Basha";
				TargetAttributes = {
					113A62AA2334143100401E89 = {
						CreatedOnToolsVersion = 10.3;
					};
				};
			};
			buildConfigurationList = 113A62A62334143100401E89 /* Build configuration list for PBXProject "Alakela" */;
			compatibilityVersion = "Xcode 9.3";
			developmentRegion = en;
			hasScannedForEncodings = 0;
			knownRegions = (
				en,
				Base,
			);
			mainGroup = 113A62A22334143100401E89;
			productRefGroup = 113A62AC2334143100401E89 /* Products */;
			projectDirPath = "";
			projectRoot = "";
			targets = (
				113A62AA2334143100401E89 /* Alakela */,
			);
		};
/* End PBXProject section */

/* Begin PBXResourcesBuildPhase section */
		113A62A92334143100401E89 /* Resources */ = {
			isa = PBXResourcesBuildPhase;
			buildActionMask = 2147483647;
			files = (
				113A62BC2334143100401E89 /* LaunchScreen.storyboard in Resources */,
				11B1EA8A233417AC001B3219 /* GoogleService-Info.plist in Resources */,
				113A62B92334143100401E89 /* Assets.xcassets in Resources */,
				113A62B42334143100401E89 /* Main.storyboard in Resources */,
			);
			runOnlyForDeploymentPostprocessing = 0;
		};
/* End PBXResourcesBuildPhase section */

/* Begin PBXShellScriptBuildPhase section */
		6199005BEA392A633819943A /* [CP] Check Pods Manifest.lock */ = {
			isa = PBXShellScriptBuildPhase;
			buildActionMask = 2147483647;
			files = (
			);
			inputFileListPaths = (
			);
			inputPaths = (
				"${PODS_PODFILE_DIR_PATH}/Podfile.lock",
				"${PODS_ROOT}/Manifest.lock",
			);
			name = "[CP] Check Pods Manifest.lock";
			outputFileListPaths = (
			);
			outputPaths = (
				"$(DERIVED_FILE_DIR)/Pods-Alakela-checkManifestLockResult.txt",
			);
			runOnlyForDeploymentPostprocessing = 0;
			shellPath = /bin/sh;
			shellScript = "diff \"${PODS_PODFILE_DIR_PATH}/Podfile.lock\" \"${PODS_ROOT}/Manifest.lock\" > /dev/null\nif [ $? != 0 ] ; then\n    # print error to STDERR\n    echo \"error: The sandbox is not in sync with the Podfile.lock. Run 'pod install' or update your CocoaPods installation.\" >&2\n    exit 1\nfi\n# This output is used by Xcode 'outputs' to avoid re-running this script phase.\necho \"SUCCESS\" > \"${SCRIPT_OUTPUT_FILE_0}\"\n";
			showEnvVarsInLog = 0;
		};
		646159102E400B47EF15849A /* [CP] Embed Pods Frameworks */ = {
			isa = PBXShellScriptBuildPhase;
			buildActionMask = 2147483647;
			files = (
			);
			inputFileListPaths = (
				"${PODS_ROOT}/Target Support Files/Pods-Alakela/Pods-Alakela-frameworks-${CONFIGURATION}-input-files.xcfilelist",
			);
			name = "[CP] Embed Pods Frameworks";
			outputFileListPaths = (
				"${PODS_ROOT}/Target Support Files/Pods-Alakela/Pods-Alakela-frameworks-${CONFIGURATION}-output-files.xcfilelist",
			);
			runOnlyForDeploymentPostprocessing = 0;
			shellPath = /bin/sh;
			shellScript = "\"${PODS_ROOT}/Target Support Files/Pods-Alakela/Pods-Alakela-frameworks.sh\"\n";
			showEnvVarsInLog = 0;
		};
/* End PBXShellScriptBuildPhase section */

/* Begin PBXSourcesBuildPhase section */
		113A62A72334143100401E89 /* Sources */ = {
			isa = PBXSourcesBuildPhase;
			buildActionMask = 2147483647;
			files = (
				11362B7923342F51000BA439 /* TypeOfFoodTableViewCell.swift in Sources */,
				113A62B72334143100401E89 /* Alakela.xcdatamodeld in Sources */,
				11362B8B23344221000BA439 /* RestaurantsViewController_Extention.swift in Sources */,
				113A62B12334143100401E89 /* TypeOfFoodViewController.swift in Sources */,
				11362B89233441E7000BA439 /* RestaurantsViewController.swift in Sources */,
				113A62AF2334143100401E89 /* AppDelegate.swift in Sources */,
				11362B7B23343193000BA439 /* UIColor-Extention.swift in Sources */,
				11362B8023343AEB000BA439 /* TypeOfFoodViewController_Extension.swift in Sources */,
				11362B7723342E5C000BA439 /* CustomColor.swift in Sources */,
				11362B8723344193000BA439 /* RestaurantsTableViewCell.swift in Sources */,
				11362B7523342E48000BA439 /* UIMethodsClass.swift in Sources */,
			);
			runOnlyForDeploymentPostprocessing = 0;
		};
/* End PBXSourcesBuildPhase section */

/* Begin PBXVariantGroup section */
		113A62B22334143100401E89 /* Main.storyboard */ = {
			isa = PBXVariantGroup;
			children = (
				113A62B32334143100401E89 /* Base */,
			);
			name = Main.storyboard;
			sourceTree = "<group>";
		};
		113A62BA2334143100401E89 /* LaunchScreen.storyboard */ = {
			isa = PBXVariantGroup;
			children = (
				113A62BB2334143100401E89 /* Base */,
			);
			name = LaunchScreen.storyboard;
			sourceTree = "<group>";
		};
/* End PBXVariantGroup section */

/* Begin XCBuildConfiguration section */
		113A62BE2334143100401E89 /* Debug */ = {
			isa = XCBuildConfiguration;
			buildSettings = {
				ALWAYS_SEARCH_USER_PATHS = NO;
				CLANG_ANALYZER_NONNULL = YES;
				CLANG_ANALYZER_NUMBER_OBJECT_CONVERSION = YES_AGGRESSIVE;
				CLANG_CXX_LANGUAGE_STANDARD = "gnu++14";
				CLANG_CXX_LIBRARY = "libc++";
				CLANG_ENABLE_MODULES = YES;
				CLANG_ENABLE_OBJC_ARC = YES;
				CLANG_ENABLE_OBJC_WEAK = YES;
				CLANG_WARN_BLOCK_CAPTURE_AUTORELEASING = YES;
				CLANG_WARN_BOOL_CONVERSION = YES;
				CLANG_WARN_COMMA = YES;
				CLANG_WARN_CONSTANT_CONVERSION = YES;
				CLANG_WARN_DEPRECATED_OBJC_IMPLEMENTATIONS = YES;
				CLANG_WARN_DIRECT_OBJC_ISA_USAGE = YES_ERROR;
				CLANG_WARN_DOCUMENTATION_COMMENTS = YES;
				CLANG_WARN_EMPTY_BODY = YES;
				CLANG_WARN_ENUM_CONVERSION = YES;
				CLANG_WARN_INFINITE_RECURSION = YES;
				CLANG_WARN_INT_CONVERSION = YES;
				CLANG_WARN_NON_LITERAL_NULL_CONVERSION = YES;
				CLANG_WARN_OBJC_IMPLICIT_RETAIN_SELF = YES;
				CLANG_WARN_OBJC_LITERAL_CONVERSION = YES;
				CLANG_WARN_OBJC_ROOT_CLASS = YES_ERROR;
				CLANG_WARN_RANGE_LOOP_ANALYSIS = YES;
				CLANG_WARN_STRICT_PROTOTYPES = YES;
				CLANG_WARN_SUSPICIOUS_MOVE = YES;
				CLANG_WARN_UNGUARDED_AVAILABILITY = YES_AGGRESSIVE;
				CLANG_WARN_UNREACHABLE_CODE = YES;
				CLANG_WARN__DUPLICATE_METHOD_MATCH = YES;
				CODE_SIGN_IDENTITY = "iPhone Developer";
				COPY_PHASE_STRIP = NO;
				DEBUG_INFORMATION_FORMAT = dwarf;
				ENABLE_STRICT_OBJC_MSGSEND = YES;
				ENABLE_TESTABILITY = YES;
				GCC_C_LANGUAGE_STANDARD = gnu11;
				GCC_DYNAMIC_NO_PIC = NO;
				GCC_NO_COMMON_BLOCKS = YES;
				GCC_OPTIMIZATION_LEVEL = 0;
				GCC_PREPROCESSOR_DEFINITIONS = (
					"DEBUG=1",
					"$(inherited)",
				);
				GCC_WARN_64_TO_32_BIT_CONVERSION = YES;
				GCC_WARN_ABOUT_RETURN_TYPE = YES_ERROR;
				GCC_WARN_UNDECLARED_SELECTOR = YES;
				GCC_WARN_UNINITIALIZED_AUTOS = YES_AGGRESSIVE;
				GCC_WARN_UNUSED_FUNCTION = YES;
				GCC_WARN_UNUSED_VARIABLE = YES;
				IPHONEOS_DEPLOYMENT_TARGET = 12.4;
				MTL_ENABLE_DEBUG_INFO = INCLUDE_SOURCE;
				MTL_FAST_MATH = YES;
				ONLY_ACTIVE_ARCH = YES;
				SDKROOT = iphoneos;
				SWIFT_ACTIVE_COMPILATION_CONDITIONS = DEBUG;
				SWIFT_OPTIMIZATION_LEVEL = "-Onone";
			};
			name = Debug;
		};
		113A62BF2334143100401E89 /* Release */ = {
			isa = XCBuildConfiguration;
			buildSettings = {
				ALWAYS_SEARCH_USER_PATHS = NO;
				CLANG_ANALYZER_NONNULL = YES;
				CLANG_ANALYZER_NUMBER_OBJECT_CONVERSION = YES_AGGRESSIVE;
				CLANG_CXX_LANGUAGE_STANDARD = "gnu++14";
				CLANG_CXX_LIBRARY = "libc++";
				CLANG_ENABLE_MODULES = YES;
				CLANG_ENABLE_OBJC_ARC = YES;
				CLANG_ENABLE_OBJC_WEAK = YES;
				CLANG_WARN_BLOCK_CAPTURE_AUTORELEASING = YES;
				CLANG_WARN_BOOL_CONVERSION = YES;
				CLANG_WARN_COMMA = YES;
				CLANG_WARN_CONSTANT_CONVERSION = YES;
				CLANG_WARN_DEPRECATED_OBJC_IMPLEMENTATIONS = YES;
				CLANG_WARN_DIRECT_OBJC_ISA_USAGE = YES_ERROR;
				CLANG_WARN_DOCUMENTATION_COMMENTS = YES;
				CLANG_WARN_EMPTY_BODY = YES;
				CLANG_WARN_ENUM_CONVERSION = YES;
				CLANG_WARN_INFINITE_RECURSION = YES;
				CLANG_WARN_INT_CONVERSION = YES;
				CLANG_WARN_NON_LITERAL_NULL_CONVERSION = YES;
				CLANG_WARN_OBJC_IMPLICIT_RETAIN_SELF = YES;
				CLANG_WARN_OBJC_LITERAL_CONVERSION = YES;
				CLANG_WARN_OBJC_ROOT_CLASS = YES_ERROR;
				CLANG_WARN_RANGE_LOOP_ANALYSIS = YES;
				CLANG_WARN_STRICT_PROTOTYPES = YES;
				CLANG_WARN_SUSPICIOUS_MOVE = YES;
				CLANG_WARN_UNGUARDED_AVAILABILITY = YES_AGGRESSIVE;
				CLANG_WARN_UNREACHABLE_CODE = YES;
				CLANG_WARN__DUPLICATE_METHOD_MATCH = YES;
				CODE_SIGN_IDENTITY = "iPhone Developer";
				COPY_PHASE_STRIP = NO;
				DEBUG_INFORMATION_FORMAT = "dwarf-with-dsym";
				ENABLE_NS_ASSERTIONS = NO;
				ENABLE_STRICT_OBJC_MSGSEND = YES;
				GCC_C_LANGUAGE_STANDARD = gnu11;
				GCC_NO_COMMON_BLOCKS = YES;
				GCC_WARN_64_TO_32_BIT_CONVERSION = YES;
				GCC_WARN_ABOUT_RETURN_TYPE = YES_ERROR;
				GCC_WARN_UNDECLARED_SELECTOR = YES;
				GCC_WARN_UNINITIALIZED_AUTOS = YES_AGGRESSIVE;
				GCC_WARN_UNUSED_FUNCTION = YES;
				GCC_WARN_UNUSED_VARIABLE = YES;
				IPHONEOS_DEPLOYMENT_TARGET = 12.4;
				MTL_ENABLE_DEBUG_INFO = NO;
				MTL_FAST_MATH = YES;
				SDKROOT = iphoneos;
				SWIFT_COMPILATION_MODE = wholemodule;
				SWIFT_OPTIMIZATION_LEVEL = "-O";
				VALIDATE_PRODUCT = YES;
			};
			name = Release;
		};
		113A62C12334143100401E89 /* Debug */ = {
			isa = XCBuildConfiguration;
			baseConfigurationReference = 7996BF1DE49344825F146CA9 /* Pods-Alakela.debug.xcconfig */;
			buildSettings = {
				ASSETCATALOG_COMPILER_APPICON_NAME = AppIcon;
				CODE_SIGN_STYLE = Automatic;
				INFOPLIST_FILE = Alakela/Info.plist;
				LD_RUNPATH_SEARCH_PATHS = (
					"$(inherited)",
					"@executable_path/Frameworks",
				);
				PRODUCT_BUNDLE_IDENTIFIER = com.scr.Alakela;
				PRODUCT_NAME = "$(TARGET_NAME)";
				SWIFT_VERSION = 5.0;
				TARGETED_DEVICE_FAMILY = "1,2";
			};
			name = Debug;
		};
		113A62C22334143100401E89 /* Release */ = {
			isa = XCBuildConfiguration;
			baseConfigurationReference = 2A99503C20AFB83A6F9A3D75 /* Pods-Alakela.release.xcconfig */;
			buildSettings = {
				ASSETCATALOG_COMPILER_APPICON_NAME = AppIcon;
				CODE_SIGN_STYLE = Automatic;
				INFOPLIST_FILE = Alakela/Info.plist;
				LD_RUNPATH_SEARCH_PATHS = (
					"$(inherited)",
					"@executable_path/Frameworks",
				);
				PRODUCT_BUNDLE_IDENTIFIER = com.scr.Alakela;
				PRODUCT_NAME = "$(TARGET_NAME)";
				SWIFT_VERSION = 5.0;
				TARGETED_DEVICE_FAMILY = "1,2";
			};
			name = Release;
		};
/* End XCBuildConfiguration section */

/* Begin XCConfigurationList section */
		113A62A62334143100401E89 /* Build configuration list for PBXProject "Alakela" */ = {
			isa = XCConfigurationList;
			buildConfigurations = (
				113A62BE2334143100401E89 /* Debug */,
				113A62BF2334143100401E89 /* Release */,
			);
			defaultConfigurationIsVisible = 0;
			defaultConfigurationName = Release;
		};
		113A62C02334143100401E89 /* Build configuration list for PBXNativeTarget "Alakela" */ = {
			isa = XCConfigurationList;
			buildConfigurations = (
				113A62C12334143100401E89 /* Debug */,
				113A62C22334143100401E89 /* Release */,
			);
			defaultConfigurationIsVisible = 0;
			defaultConfigurationName = Release;
		};
/* End XCConfigurationList section */

/* Begin XCVersionGroup section */
		113A62B52334143100401E89 /* Alakela.xcdatamodeld */ = {
			isa = XCVersionGroup;
			children = (
				113A62B62334143100401E89 /* Alakela.xcdatamodel */,
			);
			currentVersion = 113A62B62334143100401E89 /* Alakela.xcdatamodel */;
			path = Alakela.xcdatamodeld;
			sourceTree = "<group>";
			versionGroupType = wrapper.xcdatamodel;
		};
/* End XCVersionGroup section */
	};
	rootObject = 113A62A32334143100401E89 /* Project object */;
}
